// !$*UTF8*$!
{
	archiveVersion = 1;
	classes = {
	};
	objectVersion = 52;
	objects = {

/* Begin PBXBuildFile section */
		00484C04ADFF21E29699DF9F /* UISystem in Frameworks */ = {isa = PBXBuildFile; productRef = 044ED5D8DD023240F91BFAAD /* UISystem */; };
		1EC8AD71DC9528F9823A9D48 /* NetworkLayer in Frameworks */ = {isa = PBXBuildFile; productRef = 738E2482270C37EEEF4AF1DF /* NetworkLayer */; };
		379C3A2468769C410A98B231 /* LaunchScreen.storyboard in Resources */ = {isa = PBXBuildFile; fileRef = 2A1C88C7EEF190690B899ED8 /* LaunchScreen.storyboard */; };
		560DE9C3D4BDFAC64ADFFFDE /* AppConfiguration.swift in Sources */ = {isa = PBXBuildFile; fileRef = CCB22EF7686CC09E77F92787 /* AppConfiguration.swift */; };
		58DC1D57CCAFB7A88F430B6E /* SceneDelegate.swift in Sources */ = {isa = PBXBuildFile; fileRef = 6BD44897F32C941570DAFBDE /* SceneDelegate.swift */; };
		8DC0E97728DE0CE600D7109A /* NewsListWorker.swift in Sources */ = {isa = PBXBuildFile; fileRef = 8DC0E96F28DE0CE500D7109A /* NewsListWorker.swift */; };
		8DC0E97828DE0CE600D7109A /* NewsListInteractor.swift in Sources */ = {isa = PBXBuildFile; fileRef = 8DC0E97028DE0CE600D7109A /* NewsListInteractor.swift */; };
		8DC0E97928DE0CE600D7109A /* NewsListModule.swift in Sources */ = {isa = PBXBuildFile; fileRef = 8DC0E97128DE0CE600D7109A /* NewsListModule.swift */; };
		8DC0E97A28DE0CE600D7109A /* NewsListRouter.swift in Sources */ = {isa = PBXBuildFile; fileRef = 8DC0E97228DE0CE600D7109A /* NewsListRouter.swift */; };
		8DC0E97B28DE0CE600D7109A /* NewsListView.swift in Sources */ = {isa = PBXBuildFile; fileRef = 8DC0E97328DE0CE600D7109A /* NewsListView.swift */; };
		8DC0E97C28DE0CE600D7109A /* NewsListFactory.swift in Sources */ = {isa = PBXBuildFile; fileRef = 8DC0E97428DE0CE600D7109A /* NewsListFactory.swift */; };
		8DC0E97D28DE0CE600D7109A /* NewsListPresenter.swift in Sources */ = {isa = PBXBuildFile; fileRef = 8DC0E97528DE0CE600D7109A /* NewsListPresenter.swift */; };
		8DC0E97E28DE0CE600D7109A /* NewsListDataSource.swift in Sources */ = {isa = PBXBuildFile; fileRef = 8DC0E97628DE0CE600D7109A /* NewsListDataSource.swift */; };
		8DC0E98428DE0DC300D7109A /* NewsRequestFactory.swift in Sources */ = {isa = PBXBuildFile; fileRef = 8DC0E98328DE0DC300D7109A /* NewsRequestFactory.swift */; };
		8DC0E98828DE0DF400D7109A /* NewsResponse.swift in Sources */ = {isa = PBXBuildFile; fileRef = 8DC0E98728DE0DF400D7109A /* NewsResponse.swift */; };
		8DC0E98B28DE11DA00D7109A /* AppLocalization.swift in Sources */ = {isa = PBXBuildFile; fileRef = 8DC0E98A28DE11DA00D7109A /* AppLocalization.swift */; };
		8DC0E98D28DE11FB00D7109A /* Localizable.swift in Sources */ = {isa = PBXBuildFile; fileRef = 8DC0E98C28DE11FA00D7109A /* Localizable.swift */; };
		8DC0E99228DE122F00D7109A /* NewsListCell.swift in Sources */ = {isa = PBXBuildFile; fileRef = 8DC0E99128DE122F00D7109A /* NewsListCell.swift */; };
		8DC0E99528DE160300D7109A /* TaskDelayed.swift in Sources */ = {isa = PBXBuildFile; fileRef = 8DC0E99428DE160300D7109A /* TaskDelayed.swift */; };
		B9D1385172F3ACC55F0B8644 /* Assets.xcassets in Resources */ = {isa = PBXBuildFile; fileRef = 6E6B57CBE4CFDCBF83833967 /* Assets.xcassets */; };
		BB22CAAFE3F58376C31E589E /* AppDelegate.swift in Sources */ = {isa = PBXBuildFile; fileRef = E15258FD43FCB1F9BC950DFF /* AppDelegate.swift */; };
/* End PBXBuildFile section */

/* Begin PBXFileReference section */
		237754717A2344F981403085 /* NetworkLayer */ = {isa = PBXFileReference; lastKnownFileType = folder; name = NetworkLayer; path = LocalPackages/NetworkLayer; sourceTree = SOURCE_ROOT; };
		374D972C89D8C85EE31BF992 /* Info.plist */ = {isa = PBXFileReference; lastKnownFileType = text.plist; path = Info.plist; sourceTree = "<group>"; };
		6A873A5DEC70C156C384E70E /* UISystem */ = {isa = PBXFileReference; lastKnownFileType = folder; name = UISystem; path = LocalPackages/UISystem; sourceTree = SOURCE_ROOT; };
		6BD44897F32C941570DAFBDE /* SceneDelegate.swift */ = {isa = PBXFileReference; lastKnownFileType = sourcecode.swift; path = SceneDelegate.swift; sourceTree = "<group>"; };
		6E6B57CBE4CFDCBF83833967 /* Assets.xcassets */ = {isa = PBXFileReference; lastKnownFileType = folder.assetcatalog; path = Assets.xcassets; sourceTree = "<group>"; };
		8DC0E96F28DE0CE500D7109A /* NewsListWorker.swift */ = {isa = PBXFileReference; fileEncoding = 4; lastKnownFileType = sourcecode.swift; path = NewsListWorker.swift; sourceTree = "<group>"; };
		8DC0E97028DE0CE600D7109A /* NewsListInteractor.swift */ = {isa = PBXFileReference; fileEncoding = 4; lastKnownFileType = sourcecode.swift; path = NewsListInteractor.swift; sourceTree = "<group>"; };
		8DC0E97128DE0CE600D7109A /* NewsListModule.swift */ = {isa = PBXFileReference; fileEncoding = 4; lastKnownFileType = sourcecode.swift; path = NewsListModule.swift; sourceTree = "<group>"; };
		8DC0E97228DE0CE600D7109A /* NewsListRouter.swift */ = {isa = PBXFileReference; fileEncoding = 4; lastKnownFileType = sourcecode.swift; path = NewsListRouter.swift; sourceTree = "<group>"; };
		8DC0E97328DE0CE600D7109A /* NewsListView.swift */ = {isa = PBXFileReference; fileEncoding = 4; lastKnownFileType = sourcecode.swift; path = NewsListView.swift; sourceTree = "<group>"; };
		8DC0E97428DE0CE600D7109A /* NewsListFactory.swift */ = {isa = PBXFileReference; fileEncoding = 4; lastKnownFileType = sourcecode.swift; path = NewsListFactory.swift; sourceTree = "<group>"; };
		8DC0E97528DE0CE600D7109A /* NewsListPresenter.swift */ = {isa = PBXFileReference; fileEncoding = 4; lastKnownFileType = sourcecode.swift; path = NewsListPresenter.swift; sourceTree = "<group>"; };
		8DC0E97628DE0CE600D7109A /* NewsListDataSource.swift */ = {isa = PBXFileReference; fileEncoding = 4; lastKnownFileType = sourcecode.swift; path = NewsListDataSource.swift; sourceTree = "<group>"; };
		8DC0E98328DE0DC300D7109A /* NewsRequestFactory.swift */ = {isa = PBXFileReference; fileEncoding = 4; lastKnownFileType = sourcecode.swift; path = NewsRequestFactory.swift; sourceTree = "<group>"; };
		8DC0E98728DE0DF400D7109A /* NewsResponse.swift */ = {isa = PBXFileReference; fileEncoding = 4; lastKnownFileType = sourcecode.swift; path = NewsResponse.swift; sourceTree = "<group>"; };
		8DC0E98A28DE11DA00D7109A /* AppLocalization.swift */ = {isa = PBXFileReference; fileEncoding = 4; lastKnownFileType = sourcecode.swift; path = AppLocalization.swift; sourceTree = "<group>"; };
		8DC0E98C28DE11FA00D7109A /* Localizable.swift */ = {isa = PBXFileReference; fileEncoding = 4; lastKnownFileType = sourcecode.swift; path = Localizable.swift; sourceTree = "<group>"; };
		8DC0E99128DE122F00D7109A /* NewsListCell.swift */ = {isa = PBXFileReference; fileEncoding = 4; lastKnownFileType = sourcecode.swift; path = NewsListCell.swift; sourceTree = "<group>"; };
		8DC0E99428DE160300D7109A /* TaskDelayed.swift */ = {isa = PBXFileReference; lastKnownFileType = sourcecode.swift; path = TaskDelayed.swift; sourceTree = "<group>"; };
		CCB22EF7686CC09E77F92787 /* AppConfiguration.swift */ = {isa = PBXFileReference; lastKnownFileType = sourcecode.swift; path = AppConfiguration.swift; sourceTree = "<group>"; };
		DC3427152614D7CE587CB8D0 /* NewsPet.app */ = {isa = PBXFileReference; includeInIndex = 0; lastKnownFileType = wrapper.application; path = NewsPet.app; sourceTree = BUILT_PRODUCTS_DIR; };
		E15258FD43FCB1F9BC950DFF /* AppDelegate.swift */ = {isa = PBXFileReference; lastKnownFileType = sourcecode.swift; path = AppDelegate.swift; sourceTree = "<group>"; };
		F1361217773BD78335106F17 /* Base */ = {isa = PBXFileReference; lastKnownFileType = file.storyboard; name = Base; path = Base.lproj/LaunchScreen.storyboard; sourceTree = "<group>"; };
/* End PBXFileReference section */

/* Begin PBXFrameworksBuildPhase section */
		3B0895E98C20FF3DA033A7E6 /* Frameworks */ = {
			isa = PBXFrameworksBuildPhase;
			buildActionMask = 2147483647;
			files = (
				00484C04ADFF21E29699DF9F /* UISystem in Frameworks */,
				1EC8AD71DC9528F9823A9D48 /* NetworkLayer in Frameworks */,
			);
			runOnlyForDeploymentPostprocessing = 0;
		};
/* End PBXFrameworksBuildPhase section */

/* Begin PBXGroup section */
		2AC9C4DA2EF610C0589F1CF2 /* Products */ = {
			isa = PBXGroup;
			children = (
				DC3427152614D7CE587CB8D0 /* NewsPet.app */,
			);
			name = Products;
			sourceTree = "<group>";
		};
		7E103F1B3F406DBE85A7A052 /* NewsPet */ = {
			isa = PBXGroup;
			children = (
				8DC0E97F28DE0DA100D7109A /* DataLayer */,
				8DC0E96C28DE0CB600D7109A /* PresentationLayer */,
				DA4A0F3B7C1FB743E120E9BD /* ApplicationLayer */,
			);
			path = NewsPet;
			sourceTree = "<group>";
		};
		8DC0E96C28DE0CB600D7109A /* PresentationLayer */ = {
			isa = PBXGroup;
			children = (
				8DC0E98E28DE122F00D7109A /* Components */,
				8DC0E96D28DE0CC600D7109A /* News */,
			);
			path = PresentationLayer;
			sourceTree = "<group>";
		};
		8DC0E96D28DE0CC600D7109A /* News */ = {
			isa = PBXGroup;
			children = (
				8DC0E96E28DE0CD100D7109A /* NewsList */,
			);
			path = News;
			sourceTree = "<group>";
		};
		8DC0E96E28DE0CD100D7109A /* NewsList */ = {
			isa = PBXGroup;
			children = (
				8DC0E97628DE0CE600D7109A /* NewsListDataSource.swift */,
				8DC0E97428DE0CE600D7109A /* NewsListFactory.swift */,
				8DC0E97028DE0CE600D7109A /* NewsListInteractor.swift */,
				8DC0E97128DE0CE600D7109A /* NewsListModule.swift */,
				8DC0E97528DE0CE600D7109A /* NewsListPresenter.swift */,
				8DC0E97228DE0CE600D7109A /* NewsListRouter.swift */,
				8DC0E97328DE0CE600D7109A /* NewsListView.swift */,
				8DC0E96F28DE0CE500D7109A /* NewsListWorker.swift */,
			);
			path = NewsList;
			sourceTree = "<group>";
		};
		8DC0E97F28DE0DA100D7109A /* DataLayer */ = {
			isa = PBXGroup;
			children = (
				8DC0E99328DE15F400D7109A /* Extension */,
				8DC0E98028DE0DA800D7109A /* News */,
			);
			path = DataLayer;
			sourceTree = "<group>";
		};
		8DC0E98028DE0DA800D7109A /* News */ = {
			isa = PBXGroup;
			children = (
				8DC0E98228DE0DB500D7109A /* Responce */,
				8DC0E98128DE0DAF00D7109A /* Request */,
			);
			path = News;
			sourceTree = "<group>";
		};
		8DC0E98128DE0DAF00D7109A /* Request */ = {
			isa = PBXGroup;
			children = (
				8DC0E98328DE0DC300D7109A /* NewsRequestFactory.swift */,
			);
			path = Request;
			sourceTree = "<group>";
		};
		8DC0E98228DE0DB500D7109A /* Responce */ = {
			isa = PBXGroup;
			children = (
				8DC0E98728DE0DF400D7109A /* NewsResponse.swift */,
			);
			path = Responce;
			sourceTree = "<group>";
		};
		8DC0E98928DE11CF00D7109A /* Localizations */ = {
			isa = PBXGroup;
			children = (
				8DC0E98C28DE11FA00D7109A /* Localizable.swift */,
				8DC0E98A28DE11DA00D7109A /* AppLocalization.swift */,
			);
			path = Localizations;
			sourceTree = "<group>";
		};
		8DC0E98E28DE122F00D7109A /* Components */ = {
			isa = PBXGroup;
			children = (
				8DC0E98F28DE122F00D7109A /* Cells */,
			);
			path = Components;
			sourceTree = "<group>";
		};
		8DC0E98F28DE122F00D7109A /* Cells */ = {
			isa = PBXGroup;
			children = (
				8DC0E99028DE122F00D7109A /* News List */,
			);
			path = Cells;
			sourceTree = "<group>";
		};
		8DC0E99028DE122F00D7109A /* News List */ = {
			isa = PBXGroup;
			children = (
				8DC0E99128DE122F00D7109A /* NewsListCell.swift */,
			);
			path = "News List";
			sourceTree = "<group>";
		};
		8DC0E99328DE15F400D7109A /* Extension */ = {
			isa = PBXGroup;
			children = (
				8DC0E99428DE160300D7109A /* TaskDelayed.swift */,
			);
			path = Extension;
			sourceTree = "<group>";
		};
		964D593174DB7B66A6514668 = {
			isa = PBXGroup;
			children = (
				7E103F1B3F406DBE85A7A052 /* NewsPet */,
				C364C628F332A1DC9DC66F16 /* Packages */,
				2AC9C4DA2EF610C0589F1CF2 /* Products */,
			);
			sourceTree = "<group>";
		};
		A5F3FF8437F7DA9E10D07096 /* Resources */ = {
			isa = PBXGroup;
			children = (
				8DC0E98928DE11CF00D7109A /* Localizations */,
				6E6B57CBE4CFDCBF83833967 /* Assets.xcassets */,
			);
			path = Resources;
			sourceTree = "<group>";
		};
		C364C628F332A1DC9DC66F16 /* Packages */ = {
			isa = PBXGroup;
			children = (
				237754717A2344F981403085 /* NetworkLayer */,
				6A873A5DEC70C156C384E70E /* UISystem */,
			);
			name = Packages;
			sourceTree = SOURCE_ROOT;
		};
		DA4A0F3B7C1FB743E120E9BD /* ApplicationLayer */ = {
			isa = PBXGroup;
			children = (
				CCB22EF7686CC09E77F92787 /* AppConfiguration.swift */,
				E15258FD43FCB1F9BC950DFF /* AppDelegate.swift */,
				6BD44897F32C941570DAFBDE /* SceneDelegate.swift */,
				374D972C89D8C85EE31BF992 /* Info.plist */,
				2A1C88C7EEF190690B899ED8 /* LaunchScreen.storyboard */,
				A5F3FF8437F7DA9E10D07096 /* Resources */,
			);
			path = ApplicationLayer;
			sourceTree = "<group>";
		};
/* End PBXGroup section */

/* Begin PBXNativeTarget section */
		FE6904F6A0269ADE8AB1E414 /* NewsPet */ = {
			isa = PBXNativeTarget;
			buildConfigurationList = 4E6578C1F3FD12DB0E150EE2 /* Build configuration list for PBXNativeTarget "NewsPet" */;
			buildPhases = (
				5FAE5FCFF7A79547C4B74F17 /* Sources */,
				B52AAC36B3D59738CB2AF0EE /* Resources */,
				3B0895E98C20FF3DA033A7E6 /* Frameworks */,
			);
			buildRules = (
			);
			dependencies = (
			);
			name = NewsPet;
			packageProductDependencies = (
				044ED5D8DD023240F91BFAAD /* UISystem */,
				738E2482270C37EEEF4AF1DF /* NetworkLayer */,
			);
			productName = NewsPet;
			productReference = DC3427152614D7CE587CB8D0 /* NewsPet.app */;
			productType = "com.apple.product-type.application";
		};
/* End PBXNativeTarget section */

/* Begin PBXProject section */
		182F82075D8D1DE055837A80 /* Project object */ = {
			isa = PBXProject;
			attributes = {
				LastUpgradeCheck = 1200;
			};
			buildConfigurationList = 50D7DFD99B1F9E6F0AAC00F3 /* Build configuration list for PBXProject "NewsPet" */;
			compatibilityVersion = "Xcode 11.0";
			developmentRegion = en;
			hasScannedForEncodings = 0;
			knownRegions = (
				Base,
				en,
			);
			mainGroup = 964D593174DB7B66A6514668;
			projectDirPath = "";
			projectRoot = "";
			targets = (
				FE6904F6A0269ADE8AB1E414 /* NewsPet */,
			);
		};
/* End PBXProject section */

/* Begin PBXResourcesBuildPhase section */
		B52AAC36B3D59738CB2AF0EE /* Resources */ = {
			isa = PBXResourcesBuildPhase;
			buildActionMask = 2147483647;
			files = (
				B9D1385172F3ACC55F0B8644 /* Assets.xcassets in Resources */,
				379C3A2468769C410A98B231 /* LaunchScreen.storyboard in Resources */,
			);
			runOnlyForDeploymentPostprocessing = 0;
		};
/* End PBXResourcesBuildPhase section */

/* Begin PBXSourcesBuildPhase section */
		5FAE5FCFF7A79547C4B74F17 /* Sources */ = {
			isa = PBXSourcesBuildPhase;
			buildActionMask = 2147483647;
			files = (
				8DC0E97E28DE0CE600D7109A /* NewsListDataSource.swift in Sources */,
				8DC0E97828DE0CE600D7109A /* NewsListInteractor.swift in Sources */,
				8DC0E97A28DE0CE600D7109A /* NewsListRouter.swift in Sources */,
				8DC0E97B28DE0CE600D7109A /* NewsListView.swift in Sources */,
				8DC0E98828DE0DF400D7109A /* NewsResponse.swift in Sources */,
				8DC0E97928DE0CE600D7109A /* NewsListModule.swift in Sources */,
				8DC0E97C28DE0CE600D7109A /* NewsListFactory.swift in Sources */,
				8DC0E98D28DE11FB00D7109A /* Localizable.swift in Sources */,
				560DE9C3D4BDFAC64ADFFFDE /* AppConfiguration.swift in Sources */,
				8DC0E98B28DE11DA00D7109A /* AppLocalization.swift in Sources */,
				8DC0E99528DE160300D7109A /* TaskDelayed.swift in Sources */,
				8DC0E97D28DE0CE600D7109A /* NewsListPresenter.swift in Sources */,
				BB22CAAFE3F58376C31E589E /* AppDelegate.swift in Sources */,
				58DC1D57CCAFB7A88F430B6E /* SceneDelegate.swift in Sources */,
				8DC0E98428DE0DC300D7109A /* NewsRequestFactory.swift in Sources */,
				8DC0E97728DE0CE600D7109A /* NewsListWorker.swift in Sources */,
				8DC0E99228DE122F00D7109A /* NewsListCell.swift in Sources */,
			);
			runOnlyForDeploymentPostprocessing = 0;
		};
/* End PBXSourcesBuildPhase section */

/* Begin PBXVariantGroup section */
		2A1C88C7EEF190690B899ED8 /* LaunchScreen.storyboard */ = {
			isa = PBXVariantGroup;
			children = (
				F1361217773BD78335106F17 /* Base */,
			);
			name = LaunchScreen.storyboard;
			sourceTree = "<group>";
		};
/* End PBXVariantGroup section */

/* Begin XCBuildConfiguration section */
		2E42A5136ACE2625CFA254A2 /* Debug */ = {
			isa = XCBuildConfiguration;
			buildSettings = {
				ALWAYS_SEARCH_USER_PATHS = NO;
				CLANG_ANALYZER_NONNULL = YES;
				CLANG_ANALYZER_NUMBER_OBJECT_CONVERSION = YES_AGGRESSIVE;
				CLANG_CXX_LANGUAGE_STANDARD = "gnu++14";
				CLANG_CXX_LIBRARY = "libc++";
				CLANG_ENABLE_MODULES = YES;
				CLANG_ENABLE_OBJC_ARC = YES;
				CLANG_ENABLE_OBJC_WEAK = YES;
				CLANG_WARN_BLOCK_CAPTURE_AUTORELEASING = YES;
				CLANG_WARN_BOOL_CONVERSION = YES;
				CLANG_WARN_COMMA = YES;
				CLANG_WARN_CONSTANT_CONVERSION = YES;
				CLANG_WARN_DEPRECATED_OBJC_IMPLEMENTATIONS = YES;
				CLANG_WARN_DIRECT_OBJC_ISA_USAGE = YES_ERROR;
				CLANG_WARN_DOCUMENTATION_COMMENTS = YES;
				CLANG_WARN_EMPTY_BODY = YES;
				CLANG_WARN_ENUM_CONVERSION = YES;
				CLANG_WARN_INFINITE_RECURSION = YES;
				CLANG_WARN_INT_CONVERSION = YES;
				CLANG_WARN_NON_LITERAL_NULL_CONVERSION = YES;
				CLANG_WARN_OBJC_IMPLICIT_RETAIN_SELF = YES;
				CLANG_WARN_OBJC_LITERAL_CONVERSION = YES;
				CLANG_WARN_OBJC_ROOT_CLASS = YES_ERROR;
				CLANG_WARN_QUOTED_INCLUDE_IN_FRAMEWORK_HEADER = YES;
				CLANG_WARN_RANGE_LOOP_ANALYSIS = YES;
				CLANG_WARN_STRICT_PROTOTYPES = YES;
				CLANG_WARN_SUSPICIOUS_MOVE = YES;
				CLANG_WARN_UNGUARDED_AVAILABILITY = YES_AGGRESSIVE;
				CLANG_WARN_UNREACHABLE_CODE = YES;
				CLANG_WARN__DUPLICATE_METHOD_MATCH = YES;
				COPY_PHASE_STRIP = NO;
				DEBUG_INFORMATION_FORMAT = dwarf;
				ENABLE_STRICT_OBJC_MSGSEND = YES;
				ENABLE_TESTABILITY = YES;
				GCC_C_LANGUAGE_STANDARD = gnu11;
				GCC_DYNAMIC_NO_PIC = NO;
				GCC_NO_COMMON_BLOCKS = YES;
				GCC_OPTIMIZATION_LEVEL = 0;
				GCC_PREPROCESSOR_DEFINITIONS = (
					"$(inherited)",
					"DEBUG=1",
				);
				GCC_WARN_64_TO_32_BIT_CONVERSION = YES;
				GCC_WARN_ABOUT_RETURN_TYPE = YES_ERROR;
				GCC_WARN_UNDECLARED_SELECTOR = YES;
				GCC_WARN_UNINITIALIZED_AUTOS = YES_AGGRESSIVE;
				GCC_WARN_UNUSED_FUNCTION = YES;
				GCC_WARN_UNUSED_VARIABLE = YES;
				IPHONEOS_DEPLOYMENT_TARGET = 14.0;
				MTL_ENABLE_DEBUG_INFO = INCLUDE_SOURCE;
				MTL_FAST_MATH = YES;
				ONLY_ACTIVE_ARCH = YES;
				PRODUCT_NAME = "$(TARGET_NAME)";
				SDKROOT = iphoneos;
				SWIFT_ACTIVE_COMPILATION_CONDITIONS = DEBUG;
				SWIFT_OPTIMIZATION_LEVEL = "-Onone";
				SWIFT_VERSION = 5.0;
			};
			name = Debug;
		};
		470E00B204365FE363345A47 /* Release */ = {
			isa = XCBuildConfiguration;
			buildSettings = {
				ASSETCATALOG_COMPILER_APPICON_NAME = AppIcon;
				BUNDLE_DISPLAY_NAME = NewsPet;
				CODE_SIGN_IDENTITY = "iPhone Developer";
				CURRENT_PROJECT_VERSION = 1;
				INFOPLIST_FILE = NewsPet/ApplicationLayer/Info.plist;
				IPHONEOS_DEPLOYMENT_TARGET = 14.0;
				LD_RUNPATH_SEARCH_PATHS = (
					"$(inherited)",
					"@executable_path/Frameworks",
				);
				MARKETING_VERSION = 1.0;
				PRODUCT_BUNDLE_IDENTIFIER = NewsPet;
				SDKROOT = iphoneos;
				SERVER_URL = "https://jsonplaceholder.typicode.com";
				TARGETED_DEVICE_FAMILY = "1,2";
			};
			name = Release;
		};
		EF5C0D21F53FDA4E0797E6A6 /* Release */ = {
			isa = XCBuildConfiguration;
			buildSettings = {
				ALWAYS_SEARCH_USER_PATHS = NO;
				CLANG_ANALYZER_NONNULL = YES;
				CLANG_ANALYZER_NUMBER_OBJECT_CONVERSION = YES_AGGRESSIVE;
				CLANG_CXX_LANGUAGE_STANDARD = "gnu++14";
				CLANG_CXX_LIBRARY = "libc++";
				CLANG_ENABLE_MODULES = YES;
				CLANG_ENABLE_OBJC_ARC = YES;
				CLANG_ENABLE_OBJC_WEAK = YES;
				CLANG_WARN_BLOCK_CAPTURE_AUTORELEASING = YES;
				CLANG_WARN_BOOL_CONVERSION = YES;
				CLANG_WARN_COMMA = YES;
				CLANG_WARN_CONSTANT_CONVERSION = YES;
				CLANG_WARN_DEPRECATED_OBJC_IMPLEMENTATIONS = YES;
				CLANG_WARN_DIRECT_OBJC_ISA_USAGE = YES_ERROR;
				CLANG_WARN_DOCUMENTATION_COMMENTS = YES;
				CLANG_WARN_EMPTY_BODY = YES;
				CLANG_WARN_ENUM_CONVERSION = YES;
				CLANG_WARN_INFINITE_RECURSION = YES;
				CLANG_WARN_INT_CONVERSION = YES;
				CLANG_WARN_NON_LITERAL_NULL_CONVERSION = YES;
				CLANG_WARN_OBJC_IMPLICIT_RETAIN_SELF = YES;
				CLANG_WARN_OBJC_LITERAL_CONVERSION = YES;
				CLANG_WARN_OBJC_ROOT_CLASS = YES_ERROR;
				CLANG_WARN_QUOTED_INCLUDE_IN_FRAMEWORK_HEADER = YES;
				CLANG_WARN_RANGE_LOOP_ANALYSIS = YES;
				CLANG_WARN_STRICT_PROTOTYPES = YES;
				CLANG_WARN_SUSPICIOUS_MOVE = YES;
				CLANG_WARN_UNGUARDED_AVAILABILITY = YES_AGGRESSIVE;
				CLANG_WARN_UNREACHABLE_CODE = YES;
				CLANG_WARN__DUPLICATE_METHOD_MATCH = YES;
				COPY_PHASE_STRIP = NO;
				DEBUG_INFORMATION_FORMAT = "dwarf-with-dsym";
				ENABLE_NS_ASSERTIONS = NO;
				ENABLE_STRICT_OBJC_MSGSEND = YES;
				GCC_C_LANGUAGE_STANDARD = gnu11;
				GCC_NO_COMMON_BLOCKS = YES;
				GCC_WARN_64_TO_32_BIT_CONVERSION = YES;
				GCC_WARN_ABOUT_RETURN_TYPE = YES_ERROR;
				GCC_WARN_UNDECLARED_SELECTOR = YES;
				GCC_WARN_UNINITIALIZED_AUTOS = YES_AGGRESSIVE;
				GCC_WARN_UNUSED_FUNCTION = YES;
				GCC_WARN_UNUSED_VARIABLE = YES;
				IPHONEOS_DEPLOYMENT_TARGET = 14.0;
				MTL_ENABLE_DEBUG_INFO = NO;
				MTL_FAST_MATH = YES;
				PRODUCT_NAME = "$(TARGET_NAME)";
				SDKROOT = iphoneos;
				SWIFT_COMPILATION_MODE = wholemodule;
				SWIFT_OPTIMIZATION_LEVEL = "-O";
				SWIFT_VERSION = 5.0;
			};
			name = Release;
		};
		F66100A475733586DB453D1C /* Debug */ = {
			isa = XCBuildConfiguration;
			buildSettings = {
				ASSETCATALOG_COMPILER_APPICON_NAME = AppIcon;
				BUNDLE_DISPLAY_NAME = NewsPet;
				CODE_SIGN_IDENTITY = "iPhone Developer";
				CURRENT_PROJECT_VERSION = 1;
				INFOPLIST_FILE = NewsPet/ApplicationLayer/Info.plist;
				IPHONEOS_DEPLOYMENT_TARGET = 14.0;
				LD_RUNPATH_SEARCH_PATHS = (
					"$(inherited)",
					"@executable_path/Frameworks",
				);
				MARKETING_VERSION = 1.0;
				PRODUCT_BUNDLE_IDENTIFIER = NewsPet;
				SDKROOT = iphoneos;
				SERVER_URL = "https://jsonplaceholder.typicode.com";
				TARGETED_DEVICE_FAMILY = "1,2";
			};
			name = Debug;
		};
/* End XCBuildConfiguration section */

/* Begin XCConfigurationList section */
		4E6578C1F3FD12DB0E150EE2 /* Build configuration list for PBXNativeTarget "NewsPet" */ = {
			isa = XCConfigurationList;
			buildConfigurations = (
				F66100A475733586DB453D1C /* Debug */,
				470E00B204365FE363345A47 /* Release */,
			);
			defaultConfigurationIsVisible = 0;
			defaultConfigurationName = Debug;
		};
		50D7DFD99B1F9E6F0AAC00F3 /* Build configuration list for PBXProject "NewsPet" */ = {
			isa = XCConfigurationList;
			buildConfigurations = (
				2E42A5136ACE2625CFA254A2 /* Debug */,
				EF5C0D21F53FDA4E0797E6A6 /* Release */,
			);
			defaultConfigurationIsVisible = 0;
			defaultConfigurationName = Debug;
		};
/* End XCConfigurationList section */

/* Begin XCSwiftPackageProductDependency section */
		044ED5D8DD023240F91BFAAD /* UISystem */ = {
			isa = XCSwiftPackageProductDependency;
			productName = UISystem;
		};
		738E2482270C37EEEF4AF1DF /* NetworkLayer */ = {
			isa = XCSwiftPackageProductDependency;
			productName = NetworkLayer;
		};
/* End XCSwiftPackageProductDependency section */
	};
	rootObject = 182F82075D8D1DE055837A80 /* Project object */;
}
